
Microsoft Visual Studio Solution File, Format Version 12.00
# Visual Studio Version 17
VisualStudioVersion = 17.6.33815.320
MinimumVisualStudioVersion = 10.0.40219.1
Project("{9A19103F-16F7-4668-BE54-9A1E7A4F7556}") = "BlazingPizza", "BlazingPizza.csproj", "{B1C1B12C-774D-4AE4-8AF6-5FD4E6DDF509}"
EndProject
Global
	GlobalSection(SolutionConfigurationPlatforms) = preSolution
		Debug|Any CPU = Debug|Any CPU
		Release|Any CPU = Release|Any CPU
	EndGlobalSection
	GlobalSection(ProjectConfigurationPlatforms) = postSolution
		{B1C1B12C-774D-4AE4-8AF6-5FD4E6DDF509}.Debug|Any CPU.ActiveCfg = Debug|Any CPU
		{B1C1B12C-774D-4AE4-8AF6-5FD4E6DDF509}.Debug|Any CPU.Build.0 = Debug|Any CPU
		{B1C1B12C-774D-4AE4-8AF6-5FD4E6DDF509}.Release|Any CPU.ActiveCfg = Release|Any CPU
		{B1C1B12C-774D-4AE4-8AF6-5FD4E6DDF509}.Release|Any CPU.Build.0 = Release|Any CPU
	EndGlobalSection
	GlobalSection(SolutionProperties) = preSolution
		HideSolutionNode = FALSE
	EndGlobalSection
	GlobalSection(ExtensibilityGlobals) = postSolution
		SolutionGuid = {209E543E-1458-4FD4-A1DB-BEA70FF29417}
	EndGlobalSection
EndGlobal
